
Microsoft Visual Studio Solution File, Format Version 12.00
# Visual Studio 15
VisualStudioVersion = 15.0.26124.0
MinimumVisualStudioVersion = 15.0.26124.0
Project("{FAE04EC0-301F-11D3-BF4B-00C04F79EFBC}") = "GrpcSample", "GrpcSample\GrpcSample.csproj", "{41A86EF3-993A-4EE9-A8E7-0C8E748FEF3C}"
EndProject
Project("{FAE04EC0-301F-11D3-BF4B-00C04F79EFBC}") = "GrpcClient", "GrpcClient\GrpcClient.csproj", "{0CA66AFD-016D-4131-A2A7-82364C0E6359}"
EndProject
Project("{FAE04EC0-301F-11D3-BF4B-00C04F79EFBC}") = "Shared", "Shared\Shared.csproj", "{F446582B-B7F5-4EF9-AE4F-70B92A12D6DC}"
EndProject
Global
	GlobalSection(SolutionConfigurationPlatforms) = preSolution
		Debug|Any CPU = Debug|Any CPU
		Debug|x64 = Debug|x64
		Debug|x86 = Debug|x86
		Release|Any CPU = Release|Any CPU
		Release|x64 = Release|x64
		Release|x86 = Release|x86
	EndGlobalSection
	GlobalSection(SolutionProperties) = preSolution
		HideSolutionNode = FALSE
	EndGlobalSection
	GlobalSection(ProjectConfigurationPlatforms) = postSolution
		{41A86EF3-993A-4EE9-A8E7-0C8E748FEF3C}.Debug|Any CPU.ActiveCfg = Debug|Any CPU
		{41A86EF3-993A-4EE9-A8E7-0C8E748FEF3C}.Debug|Any CPU.Build.0 = Debug|Any CPU
		{41A86EF3-993A-4EE9-A8E7-0C8E748FEF3C}.Debug|x64.ActiveCfg = Debug|Any CPU
		{41A86EF3-993A-4EE9-A8E7-0C8E748FEF3C}.Debug|x64.Build.0 = Debug|Any CPU
		{41A86EF3-993A-4EE9-A8E7-0C8E748FEF3C}.Debug|x86.ActiveCfg = Debug|Any CPU
		{41A86EF3-993A-4EE9-A8E7-0C8E748FEF3C}.Debug|x86.Build.0 = Debug|Any CPU
		{41A86EF3-993A-4EE9-A8E7-0C8E748FEF3C}.Release|Any CPU.ActiveCfg = Release|Any CPU
		{41A86EF3-993A-4EE9-A8E7-0C8E748FEF3C}.Release|Any CPU.Build.0 = Release|Any CPU
		{41A86EF3-993A-4EE9-A8E7-0C8E748FEF3C}.Release|x64.ActiveCfg = Release|Any CPU
		{41A86EF3-993A-4EE9-A8E7-0C8E748FEF3C}.Release|x64.Build.0 = Release|Any CPU
		{41A86EF3-993A-4EE9-A8E7-0C8E748FEF3C}.Release|x86.ActiveCfg = Release|Any CPU
		{41A86EF3-993A-4EE9-A8E7-0C8E748FEF3C}.Release|x86.Build.0 = Release|Any CPU
		{0CA66AFD-016D-4131-A2A7-82364C0E6359}.Debug|Any CPU.ActiveCfg = Debug|Any CPU
		{0CA66AFD-016D-4131-A2A7-82364C0E6359}.Debug|Any CPU.Build.0 = Debug|Any CPU
		{0CA66AFD-016D-4131-A2A7-82364C0E6359}.Debug|x64.ActiveCfg = Debug|Any CPU
		{0CA66AFD-016D-4131-A2A7-82364C0E6359}.Debug|x64.Build.0 = Debug|Any CPU
		{0CA66AFD-016D-4131-A2A7-82364C0E6359}.Debug|x86.ActiveCfg = Debug|Any CPU
		{0CA66AFD-016D-4131-A2A7-82364C0E6359}.Debug|x86.Build.0 = Debug|Any CPU
		{0CA66AFD-016D-4131-A2A7-82364C0E6359}.Release|Any CPU.ActiveCfg = Release|Any CPU
		{0CA66AFD-016D-4131-A2A7-82364C0E6359}.Release|Any CPU.Build.0 = Release|Any CPU
		{0CA66AFD-016D-4131-A2A7-82364C0E6359}.Release|x64.ActiveCfg = Release|Any CPU
		{0CA66AFD-016D-4131-A2A7-82364C0E6359}.Release|x64.Build.0 = Release|Any CPU
		{0CA66AFD-016D-4131-A2A7-82364C0E6359}.Release|x86.ActiveCfg = Release|Any CPU
		{0CA66AFD-016D-4131-A2A7-82364C0E6359}.Release|x86.Build.0 = Release|Any CPU
		{F446582B-B7F5-4EF9-AE4F-70B92A12D6DC}.Debug|Any CPU.ActiveCfg = Debug|Any CPU
		{F446582B-B7F5-4EF9-AE4F-70B92A12D6DC}.Debug|Any CPU.Build.0 = Debug|Any CPU
		{F446582B-B7F5-4EF9-AE4F-70B92A12D6DC}.Debug|x64.ActiveCfg = Debug|Any CPU
		{F446582B-B7F5-4EF9-AE4F-70B92A12D6DC}.Debug|x64.Build.0 = Debug|Any CPU
		{F446582B-B7F5-4EF9-AE4F-70B92A12D6DC}.Debug|x86.ActiveCfg = Debug|Any CPU
		{F446582B-B7F5-4EF9-AE4F-70B92A12D6DC}.Debug|x86.Build.0 = Debug|Any CPU
		{F446582B-B7F5-4EF9-AE4F-70B92A12D6DC}.Release|Any CPU.ActiveCfg = Release|Any CPU
		{F446582B-B7F5-4EF9-AE4F-70B92A12D6DC}.Release|Any CPU.Build.0 = Release|Any CPU
		{F446582B-B7F5-4EF9-AE4F-70B92A12D6DC}.Release|x64.ActiveCfg = Release|Any CPU
		{F446582B-B7F5-4EF9-AE4F-70B92A12D6DC}.Release|x64.Build.0 = Release|Any CPU
		{F446582B-B7F5-4EF9-AE4F-70B92A12D6DC}.Release|x86.ActiveCfg = Release|Any CPU
		{F446582B-B7F5-4EF9-AE4F-70B92A12D6DC}.Release|x86.Build.0 = Release|Any CPU
	EndGlobalSection
EndGlobal
